
Microsoft Visual Studio Solution File, Format Version 12.00
# Visual Studio Version 16
VisualStudioVersion = 16.0.29503.13
MinimumVisualStudioVersion = 10.0.40219.1
Project("{8BC9CEB8-8B4A-11D0-8D11-00A0C91BC942}") = "12BFS", "12BFS\12BFS.vcxproj", "{6004836D-7A4D-4D0C-B7F3-4527B3CA8FD3}"
EndProject
Global
	GlobalSection(SolutionConfigurationPlatforms) = preSolution
		Debug|x64 = Debug|x64
		Debug|x86 = Debug|x86
		Release|x64 = Release|x64
		Release|x86 = Release|x86
	EndGlobalSection
	GlobalSection(ProjectConfigurationPlatforms) = postSolution
		{6004836D-7A4D-4D0C-B7F3-4527B3CA8FD3}.Debug|x64.ActiveCfg = Debug|x64
		{6004836D-7A4D-4D0C-B7F3-4527B3CA8FD3}.Debug|x64.Build.0 = Debug|x64
		{6004836D-7A4D-4D0C-B7F3-4527B3CA8FD3}.Debug|x86.ActiveCfg = Debug|Win32
		{6004836D-7A4D-4D0C-B7F3-4527B3CA8FD3}.Debug|x86.Build.0 = Debug|Win32
		{6004836D-7A4D-4D0C-B7F3-4527B3CA8FD3}.Release|x64.ActiveCfg = Release|x64
		{6004836D-7A4D-4D0C-B7F3-4527B3CA8FD3}.Release|x64.Build.0 = Release|x64
		{6004836D-7A4D-4D0C-B7F3-4527B3CA8FD3}.Release|x86.ActiveCfg = Release|Win32
		{6004836D-7A4D-4D0C-B7F3-4527B3CA8FD3}.Release|x86.Build.0 = Release|Win32
	EndGlobalSection
	GlobalSection(SolutionProperties) = preSolution
		HideSolutionNode = FALSE
	EndGlobalSection
	GlobalSection(ExtensibilityGlobals) = postSolution
		SolutionGuid = {35BAD28A-EF28-4441-9DEE-6720404D0574}
	EndGlobalSection
EndGlobal
