
Microsoft Visual Studio Solution File, Format Version 12.00
# Visual Studio Version 16
VisualStudioVersion = 16.0.29503.13
MinimumVisualStudioVersion = 10.0.40219.1
Project("{8BC9CEB8-8B4A-11D0-8D11-00A0C91BC942}") = "15Vampires", "15Vampires\15Vampires.vcxproj", "{4C13A6D3-96B1-48EC-93C4-F7AA60E9016F}"
EndProject
Global
	GlobalSection(SolutionConfigurationPlatforms) = preSolution
		Debug|x64 = Debug|x64
		Debug|x86 = Debug|x86
		Release|x64 = Release|x64
		Release|x86 = Release|x86
	EndGlobalSection
	GlobalSection(ProjectConfigurationPlatforms) = postSolution
		{4C13A6D3-96B1-48EC-93C4-F7AA60E9016F}.Debug|x64.ActiveCfg = Debug|x64
		{4C13A6D3-96B1-48EC-93C4-F7AA60E9016F}.Debug|x64.Build.0 = Debug|x64
		{4C13A6D3-96B1-48EC-93C4-F7AA60E9016F}.Debug|x86.ActiveCfg = Debug|Win32
		{4C13A6D3-96B1-48EC-93C4-F7AA60E9016F}.Debug|x86.Build.0 = Debug|Win32
		{4C13A6D3-96B1-48EC-93C4-F7AA60E9016F}.Release|x64.ActiveCfg = Release|x64
		{4C13A6D3-96B1-48EC-93C4-F7AA60E9016F}.Release|x64.Build.0 = Release|x64
		{4C13A6D3-96B1-48EC-93C4-F7AA60E9016F}.Release|x86.ActiveCfg = Release|Win32
		{4C13A6D3-96B1-48EC-93C4-F7AA60E9016F}.Release|x86.Build.0 = Release|Win32
	EndGlobalSection
	GlobalSection(SolutionProperties) = preSolution
		HideSolutionNode = FALSE
	EndGlobalSection
	GlobalSection(ExtensibilityGlobals) = postSolution
		SolutionGuid = {237798AB-04BC-417C-B4C9-0018B6775AA2}
	EndGlobalSection
EndGlobal
